{
  "lockfileVersion": 1,
  "configVersion": 1,
  "workspaces": {
    "": {
      "name": "drop",
      "dependencies": {
        "hono": "^4.12.7",
      },
      "devDependencies": {
        "@types/bun": "latest",
        "oxfmt": "latest",
      },
      "peerDependencies": {
        "typescript": "^5.9.3",
      },
    },
  },
  "packages": {
    "@oxfmt/binding-android-arm-eabi": ["@oxfmt/binding-android-arm-eabi@0.38.0", "", { "os": "android", "cpu": "arm" }, "sha512-lTN4//sgYywK8ulQo7a/EZVzOTGomGQv2IG/7tMYdqTV3xN3QTqWpXcZBGUzaicC4B882N+5zJLYZ37IWfUMcg=="],

    "@oxfmt/binding-android-arm64": ["@oxfmt/binding-android-arm64@0.38.0", "", { "os": "android", "cpu": "arm64" }, "sha512-XbVgqR1WsIcCkfxwh2tdg3M1MWgR23YOboW2nbB8ab0gInNNLGy7cIAdr78XaoG/bGdaF4488XRhuGWq67xrzA=="],

    "@oxfmt/binding-darwin-arm64": ["@oxfmt/binding-darwin-arm64@0.38.0", "", { "os": "darwin", "cpu": "arm64" }, "sha512-AHb6zUzWaSJra7lnPkI+Sqwu33bVWVTwCozcw9QTX8vwHaI1+5d5STqBcsJf63eSuRVRlflwMS4erlAPh3fXZw=="],

    "@oxfmt/binding-darwin-x64": ["@oxfmt/binding-darwin-x64@0.38.0", "", { "os": "darwin", "cpu": "x64" }, "sha512-VmlmTyn7LL7Xi5htjosxGpJJHf3Drx5mgXxKE8+NT10uBXTaG3FHpRYhW3Zg5Qp7omH92Lj1+IHYqQG/HZpLnw=="],

    "@oxfmt/binding-freebsd-x64": ["@oxfmt/binding-freebsd-x64@0.38.0", "", { "os": "freebsd", "cpu": "x64" }, "sha512-LynMLRqaUEAV6n4svTFanFOAnJ9D6aCCfymJ2yhMSh5fYFgCCO4q5LzPV2nATKKoyPocSErFSmYREsOFbkIlCg=="],

    "@oxfmt/binding-linux-arm-gnueabihf": ["@oxfmt/binding-linux-arm-gnueabihf@0.38.0", "", { "os": "linux", "cpu": "arm" }, "sha512-HRRZtOXcss5+bGqQcYahILgt14+Iu/Olf6fnoKq5ctOzU21PGHVB+zuocgt+/+ixoMLV1Drvok3ns7QwnLwNTA=="],

    "@oxfmt/binding-linux-arm-musleabihf": ["@oxfmt/binding-linux-arm-musleabihf@0.38.0", "", { "os": "linux", "cpu": "arm" }, "sha512-kScH8XnH7TRUckMOSZ5115Vvr2CQq+iPsuXPEzwUXSxh+gDLzt+GsXuvCsaPxp1KP+dQj88VrIjeQ4V0f9NRKw=="],

    "@oxfmt/binding-linux-arm64-gnu": ["@oxfmt/binding-linux-arm64-gnu@0.38.0", "", { "os": "linux", "cpu": "arm64" }, "sha512-PUVn/vGsMs83eLhNXLNjR+Qw/EPiNxU9Tx+p+aZBK0RT9/k6RNgh/O4F1TxS4tdISmf3SSgjdnMOVW3ZfQZ2mA=="],

    "@oxfmt/binding-linux-arm64-musl": ["@oxfmt/binding-linux-arm64-musl@0.38.0", "", { "os": "linux", "cpu": "arm64" }, "sha512-LhtmaLCMGtAIEtaTBAoKLF3QVt+IDKIjdEZvsf0msLeTUFKxyoTNScYBXbkmvqGrm37vV0JjTPvm+OaSh3np5A=="],

    "@oxfmt/binding-linux-ppc64-gnu": ["@oxfmt/binding-linux-ppc64-gnu@0.38.0", "", { "os": "linux", "cpu": "ppc64" }, "sha512-tO6tPaS21o0MaRqmOi9e3sDotlW4c+1gCx4SwdrfDXm3Y1vmIZWh0qB6t/Xh77bIGVr/4fC95eKOhKLPGwdL+Q=="],

    "@oxfmt/binding-linux-riscv64-gnu": ["@oxfmt/binding-linux-riscv64-gnu@0.38.0", "", { "os": "linux", "cpu": "none" }, "sha512-djEqwFUHczstFKp5aT43TuRWxyKZSkIZUfGXIEKa0srmIAt1CXQO5O8xLgNG4SGkXTRB1domFfCE68t9SkSmfA=="],

    "@oxfmt/binding-linux-riscv64-musl": ["@oxfmt/binding-linux-riscv64-musl@0.38.0", "", { "os": "linux", "cpu": "none" }, "sha512-76EgMMtS6sIE+9Pl9q2GZgZpbZSzqtjQhUUIWl0RVNfHg66tstdJMhY2LXESjDYhc5vFYt9qdQNM0w0zg3onPw=="],

    "@oxfmt/binding-linux-s390x-gnu": ["@oxfmt/binding-linux-s390x-gnu@0.38.0", "", { "os": "linux", "cpu": "s390x" }, "sha512-JYNr3i9z/YguZg088kopjvz49hDxTEL193mYL2/02uq/6BLlQRMaKrePEITTHm/vUu4ZquAKgu4mDib6pGWdyg=="],

    "@oxfmt/binding-linux-x64-gnu": ["@oxfmt/binding-linux-x64-gnu@0.38.0", "", { "os": "linux", "cpu": "x64" }, "sha512-Lf+/Keaw1kBKx0U3HT5PsA7/3VO4ZOmaqo4sWaeAJ6tYeX8h/2IZcEONhjry6T4BETza78z6xI3Qx+18QZix6A=="],

    "@oxfmt/binding-linux-x64-musl": ["@oxfmt/binding-linux-x64-musl@0.38.0", "", { "os": "linux", "cpu": "x64" }, "sha512-4O6sf6OQuz1flk0TDrrtmXOVO3letA7fYe2IEAiJOQvKhJcMU08NiIVODQjMGZ6IQh1q91B+TlliDfbsYalw8A=="],

    "@oxfmt/binding-openharmony-arm64": ["@oxfmt/binding-openharmony-arm64@0.38.0", "", { "os": "none", "cpu": "arm64" }, "sha512-GNocbjYnielmKVBk+r/2Vc4E3oTsAO4+5gRuroUVx86Jv+mpD+hyFkf260/by0YtpF1ipqyxR8chOSgRQvD2zQ=="],

    "@oxfmt/binding-win32-arm64-msvc": ["@oxfmt/binding-win32-arm64-msvc@0.38.0", "", { "os": "win32", "cpu": "arm64" }, "sha512-AwgjBHRxPckbazLpECuPOSzYlppYR1CBeUSuzZuClsmTnlZA9O1MexCEP9CROe03Yo1xBGvYtiCjwKZMBChGkg=="],

    "@oxfmt/binding-win32-ia32-msvc": ["@oxfmt/binding-win32-ia32-msvc@0.38.0", "", { "os": "win32", "cpu": "ia32" }, "sha512-c3u+ak6Zrh1g6pM2TgNVvOgkm7q1XaIX+5Mgxvu38ozJ5OfM8c7HZk3glMdBzlTD2uK0sSfgBq1kuXwCe1NOGg=="],

    "@oxfmt/binding-win32-x64-msvc": ["@oxfmt/binding-win32-x64-msvc@0.38.0", "", { "os": "win32", "cpu": "x64" }, "sha512-wud1Hz0D2hYrhk6exxQQndn1htcA28wAcFb1vtP3ZXSzPFtMvc7ag/VNPv6nz6mDzM8X660jUwGEac99QcrVsA=="],

    "@types/bun": ["@types/bun@1.3.10", "", { "dependencies": { "bun-types": "1.3.10" } }, "sha512-0+rlrUrOrTSskibryHbvQkDOWRJwJZqZlxrUs1u4oOoTln8+WIXBPmAuCF35SWB2z4Zl3E84Nl/D0P7803nigQ=="],

    "@types/node": ["@types/node@25.3.2", "", { "dependencies": { "undici-types": "~7.18.0" } }, "sha512-RpV6r/ij22zRRdyBPcxDeKAzH43phWVKEjL2iksqo1Vz3CuBUrgmPpPhALKiRfU7OMCmeeO9vECBMsV0hMTG8Q=="],

    "bun-types": ["bun-types@1.3.10", "", { "dependencies": { "@types/node": "*" } }, "sha512-tcpfCCl6XWo6nCVnpcVrxQ+9AYN1iqMIzgrSKYMB/fjLtV2eyAVEg7AxQJuCq/26R6HpKWykQXuSOq/21RYcbg=="],

    "hono": ["hono@4.12.7", "", {}, "sha512-jq9l1DM0zVIvsm3lv9Nw9nlJnMNPOcAtsbsgiUhWcFzPE99Gvo6yRTlszSLLYacMeQ6quHD6hMfId8crVHvexw=="],

    "oxfmt": ["oxfmt@0.38.0", "", { "dependencies": { "tinypool": "2.1.0" }, "optionalDependencies": { "@oxfmt/binding-android-arm-eabi": "0.38.0", "@oxfmt/binding-android-arm64": "0.38.0", "@oxfmt/binding-darwin-arm64": "0.38.0", "@oxfmt/binding-darwin-x64": "0.38.0", "@oxfmt/binding-freebsd-x64": "0.38.0", "@oxfmt/binding-linux-arm-gnueabihf": "0.38.0", "@oxfmt/binding-linux-arm-musleabihf": "0.38.0", "@oxfmt/binding-linux-arm64-gnu": "0.38.0", "@oxfmt/binding-linux-arm64-musl": "0.38.0", "@oxfmt/binding-linux-ppc64-gnu": "0.38.0", "@oxfmt/binding-linux-riscv64-gnu": "0.38.0", "@oxfmt/binding-linux-riscv64-musl": "0.38.0", "@oxfmt/binding-linux-s390x-gnu": "0.38.0", "@oxfmt/binding-linux-x64-gnu": "0.38.0", "@oxfmt/binding-linux-x64-musl": "0.38.0", "@oxfmt/binding-openharmony-arm64": "0.38.0", "@oxfmt/binding-win32-arm64-msvc": "0.38.0", "@oxfmt/binding-win32-ia32-msvc": "0.38.0", "@oxfmt/binding-win32-x64-msvc": "0.38.0" }, "bin": { "oxfmt": "bin/oxfmt" } }, "sha512-RGYfnnxmCz8dMQ1Oo5KrYkNRc9cne2WL2vfE+datWNkgiSAkfUsqpGLR7rnkN6cQFgQkHDZH400eXN6izJ8Lww=="],

    "tinypool": ["tinypool@2.1.0", "", {}, "sha512-Pugqs6M0m7Lv1I7FtxN4aoyToKg1C4tu+/381vH35y8oENM/Ai7f7C4StcoK4/+BSw9ebcS8jRiVrORFKCALLw=="],

    "typescript": ["typescript@5.9.3", "", { "bin": { "tsc": "bin/tsc", "tsserver": "bin/tsserver" } }, "sha512-jl1vZzPDinLr9eUt3J/t7V6FgNEw9QjvBPdysz9KfQDD41fQrC2Y4vKQdiaUpFT4bXlb1RHhLpp8wtm6M5TgSw=="],

    "undici-types": ["undici-types@7.18.2", "", {}, "sha512-AsuCzffGHJybSaRrmr5eHr81mwJU3kjw6M+uprWvCXiNeN9SOGwQ3Jn8jb8m3Z6izVgknn1R0FTCEAP2QrLY/w=="],
  }
}
